<?xml version="1.0" encoding="utf-8"?>
<Project ToolsVersion="4.0" xmlns="http://schemas.microsoft.com/developer/msbuild/2003">
  <ItemGroup>
    <ClCompile Include="ssEngine.cpp" />
    <ClCompile Include="ssPlayScene.cpp">
      <Filter>Contents\Scene</Filter>
    </ClCompile>
    <ClCompile Include="ssCameraScript.cpp">
      <Filter>Contents\Script</Filter>
    </ClCompile>
    <ClCompile Include="ssUIScene.cpp">
      <Filter>Contents\Scene</Filter>
    </ClCompile>
    <ClCompile Include="ssGridScript.cpp">
      <Filter>Contents\Script</Filter>
    </ClCompile>
    <ClCompile Include="ssPlayer.cpp">
      <Filter>Contents\Object\Player</Filter>
    </ClCompile>
    <ClCompile Include="ssFireBall.cpp">
      <Filter>Contents\Object\Projectile</Filter>
    </ClCompile>
    <ClCompile Include="ssIndicator.cpp">
      <Filter>Contents\Object\UI\Indicator</Filter>
    </ClCompile>
    <ClCompile Include="ssDesertSkeleton.cpp">
      <Filter>Contents\Object\Monster\DesertSkeleton</Filter>
    </ClCompile>
    <ClCompile Include="ssPlayerCameraScript.cpp">
      <Filter>Contents\Script</Filter>
    </ClCompile>
    <ClCompile Include="ssEnemyHpBar.cpp">
      <Filter>Contents\Object\UI\EnemyHpBar</Filter>
    </ClCompile>
    <ClCompile Include="ssFireballScript.cpp">
      <Filter>Contents\Object\Projectile</Filter>
    </ClCompile>
    <ClCompile Include="ssEnemyHpBarFill.cpp">
      <Filter>Contents\Object\UI\EnemyHpBarFill</Filter>
    </ClCompile>
    <ClCompile Include="..\Engine_SOURCE\ssCursor.cpp">
      <Filter>Contents\Object\UI\Cursor</Filter>
    </ClCompile>
    <ClCompile Include="ssP_HpSmallBar.cpp">
      <Filter>Contents\Object\UI\Bar\PlayerHpSmallBar</Filter>
    </ClCompile>
    <ClCompile Include="ssP_HpSmallBarFill.cpp">
      <Filter>Contents\Object\UI\Bar\PlayerHpSmallBarFill</Filter>
    </ClCompile>
    <ClCompile Include="ssAnubis.cpp">
      <Filter>Contents\Object\Boss\Anubis</Filter>
    </ClCompile>
    <ClCompile Include="ssAnubisScript.cpp">
      <Filter>Contents\Object\Boss\Anubis</Filter>
    </ClCompile>
    <ClCompile Include="ssChargedBolt.cpp">
      <Filter>Contents\Object\Boss\Anubis\Skill\ChargedBolt</Filter>
    </ClCompile>
    <ClCompile Include="ssDamageScript.cpp">
      <Filter>Contents\Script</Filter>
    </ClCompile>
    <ClCompile Include="ssChainLightening.cpp">
      <Filter>Contents\Object\Boss\Anubis\Skill\ChainLightening</Filter>
    </ClCompile>
    <ClCompile Include="ssMummy.cpp">
      <Filter>Contents\Object\Monster\Mummy</Filter>
    </ClCompile>
    <ClCompile Include="ssMummyScript.cpp">
      <Filter>Contents\Object\Monster\Mummy</Filter>
    </ClCompile>
    <ClCompile Include="ssSkeletonScript.cpp">
      <Filter>Contents\Object\Monster\DesertSkeleton</Filter>
    </ClCompile>
    <ClCompile Include="ssSarcophagus.cpp">
      <Filter>Contents\Object\Monster\Sarcophagus</Filter>
    </ClCompile>
    <ClCompile Include="ssBossHpBar.cpp">
      <Filter>Contents\Object\UI\BossHpBar</Filter>
    </ClCompile>
    <ClCompile Include="ssBossHpFill.cpp">
      <Filter>Contents\Object\UI\BossHpFill</Filter>
    </ClCompile>
    <ClCompile Include="ssAnubisRoom.cpp">
      <Filter>Contents\Scene\BossRoomAnubis</Filter>
    </ClCompile>
    <ClCompile Include="ssImmuneText.cpp">
      <Filter>Contents\Object\Boss\Anubis</Filter>
    </ClCompile>
    <ClCompile Include="ssMeteor.cpp">
      <Filter>Contents\Object\Player\Skill\Meteor</Filter>
    </ClCompile>
    <ClCompile Include="ssMeteorScript.cpp">
      <Filter>Contents\Object\Player\Skill\Meteor</Filter>
    </ClCompile>
    <ClCompile Include="FireWallPiece.cpp">
      <Filter>Contents\Object\Player\Skill\FireWall</Filter>
    </ClCompile>
    <ClCompile Include="ssFireWall.cpp">
      <Filter>Contents\Object\Player\Skill\FireWall</Filter>
    </ClCompile>
    <ClCompile Include="ssFireWallPieceScript.cpp">
      <Filter>Contents\Object\Player\Skill\FireWall</Filter>
    </ClCompile>
    <ClCompile Include="ssPlayerScript.cpp">
      <Filter>Contents\Object\Player</Filter>
    </ClCompile>
    <ClCompile Include="ssTorchBig.cpp">
      <Filter>Contents\Object\MapObject\TorchBig</Filter>
    </ClCompile>
    <ClCompile Include="ssWallCollider.cpp">
      <Filter>Contents\Object\MapObject\WallCollider</Filter>
    </ClCompile>
    <ClCompile Include="ssSkillSlot.cpp">
      <Filter>Contents\Object\UI\SkillSlot</Filter>
    </ClCompile>
    <ClCompile Include="Inventory.cpp">
      <Filter>Contents\Object\UI\Inventory</Filter>
    </ClCompile>
    <ClCompile Include="ssEquipmentSlot.cpp">
      <Filter>Contents\Object\UI\Inventory\Slot</Filter>
    </ClCompile>
    <ClCompile Include="ssItemList.cpp">
      <Filter>Contents\Object\UI\Inventory\List</Filter>
    </ClCompile>
    <ClCompile Include="ssItemBackground.cpp">
      <Filter>Contents\Object\UI\Inventory\List\ItemBackground</Filter>
    </ClCompile>
    <ClCompile Include="ssItem.cpp">
      <Filter>Contents\Object\Item</Filter>
    </ClCompile>
    <ClCompile Include="ssLegendStaff1.cpp">
      <Filter>Contents\Object\Item\Staff</Filter>
    </ClCompile>
    <ClCompile Include="ssItemImage.cpp">
      <Filter>Contents\Object\UI\Inventory\List\ItemImage</Filter>
    </ClCompile>
    <ClCompile Include="ssITemlistSelectEffect.cpp">
      <Filter>Contents\Object\UI\Inventory\List\SelectEffect</Filter>
    </ClCompile>
    <ClCompile Include="ssEquipIndicator.cpp">
      <Filter>Contents\Object\UI\Inventory\Slot</Filter>
    </ClCompile>
    <ClCompile Include="TestObject.cpp">
      <Filter>Contents\Object\Test</Filter>
    </ClCompile>
    <ClCompile Include="ssRightInfo.cpp">
      <Filter>Contents\Object\UI\Inventory\RightInfo</Filter>
    </ClCompile>
    <ClCompile Include="ssMagicStaff.cpp">
      <Filter>Contents\Object\Item\Staff</Filter>
    </ClCompile>
    <ClCompile Include="ssTitleScene.cpp">
      <Filter>Contents\Scene\TitleScene</Filter>
    </ClCompile>
    <ClCompile Include="ssStartBtn.cpp">
      <Filter>Contents\Scene\TitleScene\Btn</Filter>
    </ClCompile>
    <ClCompile Include="ssMagicHat.cpp">
      <Filter>Contents\Object\Item\Helmet</Filter>
    </ClCompile>
    <ClCompile Include="ssNormalHat.cpp">
      <Filter>Contents\Object\Item\Helmet</Filter>
    </ClCompile>
    <ClCompile Include="ssNormalStaff.cpp">
      <Filter>Contents\Object\Item\Staff</Filter>
    </ClCompile>
    <ClCompile Include="ssMagicRobe.cpp">
      <Filter>Contents\Object\Item\Robe</Filter>
    </ClCompile>
    <ClCompile Include="ssNormalRobe.cpp">
      <Filter>Contents\Object\Item\Robe</Filter>
    </ClCompile>
    <ClCompile Include="ssNormalBoots.cpp">
      <Filter>Contents\Object\Item\Boots</Filter>
    </ClCompile>
    <ClCompile Include="ssLegendBoots.cpp">
      <Filter>Contents\Object\Item\Boots</Filter>
    </ClCompile>
    <ClCompile Include="ssNormalBelt.cpp">
      <Filter>Contents\Object\Item\Belt</Filter>
    </ClCompile>
    <ClCompile Include="ssPlayerHpBarFill.cpp">
      <Filter>Contents\Object\UI\Bar\PlayerHpBarFill</Filter>
    </ClCompile>
    <ClCompile Include="ssPlayerMpBarFill.cpp">
      <Filter>Contents\Object\UI\Bar\PlayerMpBarFill</Filter>
    </ClCompile>
    <ClCompile Include="ssFireAura.cpp">
      <Filter>Contents\Object\Player\Skill\FireAura</Filter>
    </ClCompile>
    <ClCompile Include="ssFireAuraScript.cpp">
      <Filter>Contents\Object\Player\Skill\FireAura</Filter>
    </ClCompile>
    <ClCompile Include="ssHydra.cpp">
      <Filter>Contents\Object\Player\Skill\Hydra</Filter>
    </ClCompile>
    <ClCompile Include="ssHydraSensor.cpp">
      <Filter>Contents\Object\Player\Skill\Hydra</Filter>
    </ClCompile>
    <ClCompile Include="ssHydraScript.cpp">
      <Filter>Contents\Object\Player\Skill\Hydra</Filter>
    </ClCompile>
    <ClCompile Include="ssValkyrie.cpp">
      <Filter>Contents\Object\Boss\Valkyrie</Filter>
    </ClCompile>
    <ClCompile Include="ssValkyrieScene.cpp">
      <Filter>Contents\Scene\BossRoomValkyrie</Filter>
    </ClCompile>
    <ClCompile Include="ssValkyrieScript.cpp">
      <Filter>Contents\Object\Boss\Valkyrie\ValScript</Filter>
    </ClCompile>
    <ClCompile Include="ssValEffector.cpp">
      <Filter>Contents\Object\Boss\Valkyrie\ValEffector</Filter>
    </ClCompile>
    <ClCompile Include="ssThunderPiece.cpp">
      <Filter>Contents\Object\Boss\Valkyrie\ValEffect\Assault</Filter>
    </ClCompile>
    <ClCompile Include="ssValThunderEffect.cpp">
      <Filter>Contents\Object\Boss\Valkyrie\ValEffect\Assault</Filter>
    </ClCompile>
    <ClCompile Include="ssBigLightning.cpp">
      <Filter>Contents\Object\Boss\Valkyrie\ValEffect\BigLightning</Filter>
    </ClCompile>
    <ClCompile Include="ssBigLightningScript.cpp">
      <Filter>Contents\Object\Boss\Valkyrie\ValEffect\BigLightning</Filter>
    </ClCompile>
    <ClCompile Include="ssCloneAssault.cpp">
      <Filter>Contents\Object\Boss\Valkyrie\ValEffect\CloneAssault</Filter>
    </ClCompile>
    <ClCompile Include="ssCloneScript.cpp">
      <Filter>Contents\Object\Boss\Valkyrie\ValEffect\CloneAssault\Script</Filter>
    </ClCompile>
    <ClCompile Include="ssLightBall.cpp">
      <Filter>Contents\Object\Boss\Valkyrie\Skill\LightBall</Filter>
    </ClCompile>
    <ClCompile Include="ssSpearRain.cpp">
      <Filter>Contents\Object\Boss\Valkyrie\Skill\SpearRain</Filter>
    </ClCompile>
    <ClCompile Include="ssSpearPiece.cpp">
      <Filter>Contents\Object\Boss\Valkyrie\Skill\SpearRain\Piece</Filter>
    </ClCompile>
    <ClCompile Include="ssValAwaker.cpp">
      <Filter>Contents\Scene\BossRoomValkyrie\Awaker</Filter>
    </ClCompile>
    <ClCompile Include="ssAwakerScript.cpp">
      <Filter>Contents\Scene\BossRoomValkyrie\Awaker</Filter>
    </ClCompile>
    <ClCompile Include="ssBossName.cpp">
      <Filter>Contents\Object\UI\BossName</Filter>
    </ClCompile>
    <ClCompile Include="ssLeavesScript.cpp">
      <Filter>Contents\Scene\BossRoomValkyrie\MapLeaves</Filter>
    </ClCompile>
    <ClCompile Include="ssLeaves01.cpp">
      <Filter>Contents\Scene\BossRoomValkyrie\MapLeaves\Leaves01</Filter>
    </ClCompile>
    <ClCompile Include="ssBear.cpp">
      <Filter>Contents\Object\Monster\Bear</Filter>
    </ClCompile>
    <ClCompile Include="ssBearScript.cpp">
      <Filter>Contents\Object\Monster\Bear</Filter>
    </ClCompile>
    <ClCompile Include="ssDesertArcher.cpp">
      <Filter>Contents\Object\Monster\DesertArcher</Filter>
    </ClCompile>
    <ClCompile Include="ssDesertArcherScript.cpp">
      <Filter>Contents\Object\Monster\DesertArcher</Filter>
    </ClCompile>
    <ClCompile Include="ssArrow.cpp">
      <Filter>Contents\Object\Monster\DesertArcher\Arrow</Filter>
    </ClCompile>
    <ClCompile Include="ssArrowScript.cpp">
      <Filter>Contents\Object\Monster\DesertArcher\Arrow</Filter>
    </ClCompile>
    <ClCompile Include="ssSkeletonMage.cpp">
      <Filter>Contents\Object\Monster\SkeletonMage</Filter>
    </ClCompile>
    <ClCompile Include="ssSkeletonMageScript.cpp">
      <Filter>Contents\Object\Monster\SkeletonMage</Filter>
    </ClCompile>
    <ClCompile Include="ssMagicBall.cpp">
      <Filter>Contents\Object\Monster\SkeletonMage\MagicBall</Filter>
    </ClCompile>
    <ClCompile Include="ssMagicBallScript.cpp">
      <Filter>Contents\Object\Monster\SkeletonMage\MagicBall</Filter>
    </ClCompile>
    <ClCompile Include="ssTreeMon.cpp">
      <Filter>Contents\Object\Monster\TreeMon</Filter>
    </ClCompile>
    <ClCompile Include="ssTreeMonScript.cpp">
      <Filter>Contents\Object\Monster\TreeMon</Filter>
    </ClCompile>
    <ClCompile Include="ssDart.cpp">
      <Filter>Contents\Object\Monster\TreeMon\Dart</Filter>
    </ClCompile>
    <ClCompile Include="ssDartScript.cpp">
      <Filter>Contents\Object\Monster\TreeMon\Dart</Filter>
    </ClCompile>
    <ClCompile Include="ssFlames.cpp">
      <Filter>Contents\Object\Player\Skill\Meteor\Flames</Filter>
    </ClCompile>
    <ClCompile Include="ssFlameScript.cpp">
      <Filter>Contents\Object\Player\Skill\Meteor\Flames</Filter>
    </ClCompile>
    <ClCompile Include="ssEnt.cpp">
      <Filter>Contents\Object\Monster\Ent</Filter>
    </ClCompile>
    <ClCompile Include="ssEntScript.cpp">
      <Filter>Contents\Object\Monster\Ent</Filter>
    </ClCompile>
    <ClCompile Include="ssDesertMap.cpp">
      <Filter>Contents\Scene\DesertMap</Filter>
    </ClCompile>
    <ClCompile Include="ssDesertDoor.cpp">
      <Filter>Contents\Object\MapObject\Door</Filter>
    </ClCompile>
    <ClCompile Include="ssDoorScript.cpp">
      <Filter>Contents\Object\MapObject\Door</Filter>
    </ClCompile>
    <ClCompile Include="ssTown.cpp">
      <Filter>Contents\Scene\Town</Filter>
    </ClCompile>
    <ClCompile Include="ssForestScene.cpp">
      <Filter>Contents\Scene\Forest</Filter>
    </ClCompile>
    <ClCompile Include="ssPortal.cpp">
      <Filter>Contents\Object\MapObject\Portal</Filter>
    </ClCompile>
    <ClCompile Include="ssMiniMap.cpp">
      <Filter>Contents\Object\UI\MiniMap</Filter>
    </ClCompile>
    <ClCompile Include="ssEndingScene.cpp" />
    <ClCompile Include="ssDim.cpp">
      <Filter>Contents\Object\UI\Dim</Filter>
    </ClCompile>
    <ClCompile Include="ssSkillSelectBox.cpp">
      <Filter>Contents\Object\UI\SkillSelectBox</Filter>
    </ClCompile>
    <ClCompile Include="ssSkillSelectImage.cpp">
      <Filter>Contents\Object\UI\SkillSelectBox</Filter>
    </ClCompile>
    <ClCompile Include="ssSkillTree.cpp">
      <Filter>Contents\Object\UI\SkillTree</Filter>
    </ClCompile>
  </ItemGroup>
  <ItemGroup>
    <ClInclude Include="framework.h" />
    <ClInclude Include="ssPlayScene.h">
      <Filter>Contents\Scene</Filter>
    </ClInclude>
    <ClInclude Include="ssCameraScript.h">
      <Filter>Contents\Script</Filter>
    </ClInclude>
    <ClInclude Include="ssUIScene.h">
      <Filter>Contents\Scene</Filter>
    </ClInclude>
    <ClInclude Include="LoadScenes.h">
      <Filter>Contents\Load</Filter>
    </ClInclude>
    <ClInclude Include="ssGridScript.h">
      <Filter>Contents\Script</Filter>
    </ClInclude>
    <ClInclude Include="ssPlayer.h">
      <Filter>Contents\Object\Player</Filter>
    </ClInclude>
    <ClInclude Include="ssFireBall.h">
      <Filter>Contents\Object\Projectile</Filter>
    </ClInclude>
    <ClInclude Include="ssIndicator.h">
      <Filter>Contents\Object\UI\Indicator</Filter>
    </ClInclude>
    <ClInclude Include="ssDesertSkeleton.h">
      <Filter>Contents\Object\Monster\DesertSkeleton</Filter>
    </ClInclude>
    <ClInclude Include="ssPlayerCameraScript.h">
      <Filter>Contents\Script</Filter>
    </ClInclude>
    <ClInclude Include="ssEnemyHpBar.h">
      <Filter>Contents\Object\UI\EnemyHpBar</Filter>
    </ClInclude>
    <ClInclude Include="ssFireballScript.h">
      <Filter>Contents\Object\Projectile</Filter>
    </ClInclude>
    <ClInclude Include="ssEnemyHpBarFill.h">
      <Filter>Contents\Object\UI\EnemyHpBarFill</Filter>
    </ClInclude>
    <ClInclude Include="..\Engine_SOURCE\ssCursor.h">
      <Filter>Contents\Object\UI\Cursor</Filter>
    </ClInclude>
    <ClInclude Include="ssP_HpSmallBar.h">
      <Filter>Contents\Object\UI\Bar\PlayerHpSmallBar</Filter>
    </ClInclude>
    <ClInclude Include="ssP_HpSmallBarFill.h">
      <Filter>Contents\Object\UI\Bar\PlayerHpSmallBarFill</Filter>
    </ClInclude>
    <ClInclude Include="ssAnubis.h">
      <Filter>Contents\Object\Boss\Anubis</Filter>
    </ClInclude>
    <ClInclude Include="ssAnubisScript.h">
      <Filter>Contents\Object\Boss\Anubis</Filter>
    </ClInclude>
    <ClInclude Include="ssChargedBolt.h">
      <Filter>Contents\Object\Boss\Anubis\Skill\ChargedBolt</Filter>
    </ClInclude>
    <ClInclude Include="ssDamageScript.h">
      <Filter>Contents\Script</Filter>
    </ClInclude>
    <ClInclude Include="ssChainLightening.h">
      <Filter>Contents\Object\Boss\Anubis\Skill\ChainLightening</Filter>
    </ClInclude>
    <ClInclude Include="ssMummy.h">
      <Filter>Contents\Object\Monster\Mummy</Filter>
    </ClInclude>
    <ClInclude Include="ssMummyScript.h">
      <Filter>Contents\Object\Monster\Mummy</Filter>
    </ClInclude>
    <ClInclude Include="ssSkeletonScript.h">
      <Filter>Contents\Object\Monster\DesertSkeleton</Filter>
    </ClInclude>
    <ClInclude Include="ssSarcophagus.h">
      <Filter>Contents\Object\Monster\Sarcophagus</Filter>
    </ClInclude>
    <ClInclude Include="ssBossHpBar.h">
      <Filter>Contents\Object\UI\BossHpBar</Filter>
    </ClInclude>
    <ClInclude Include="ssBossHpFill.h">
      <Filter>Contents\Object\UI\BossHpFill</Filter>
    </ClInclude>
    <ClInclude Include="ssAnubisRoom.h">
      <Filter>Contents\Scene\BossRoomAnubis</Filter>
    </ClInclude>
    <ClInclude Include="ssImmuneText.h">
      <Filter>Contents\Object\Boss\Anubis</Filter>
    </ClInclude>
    <ClInclude Include="ssMeteor.h">
      <Filter>Contents\Object\Player\Skill\Meteor</Filter>
    </ClInclude>
    <ClInclude Include="ssMeteorScript.h">
      <Filter>Contents\Object\Player\Skill\Meteor</Filter>
    </ClInclude>
    <ClInclude Include="FireWallPiece.h">
      <Filter>Contents\Object\Player\Skill\FireWall</Filter>
    </ClInclude>
    <ClInclude Include="ssFireWall.h">
      <Filter>Contents\Object\Player\Skill\FireWall</Filter>
    </ClInclude>
    <ClInclude Include="ssFireWallPieceScript.h">
      <Filter>Contents\Object\Player\Skill\FireWall</Filter>
    </ClInclude>
    <ClInclude Include="ssPlayerScript.h">
      <Filter>Contents\Object\Player</Filter>
    </ClInclude>
    <ClInclude Include="ssTorchBig.h">
      <Filter>Contents\Object\MapObject\TorchBig</Filter>
    </ClInclude>
    <ClInclude Include="ssWallCollider.h">
      <Filter>Contents\Object\MapObject\WallCollider</Filter>
    </ClInclude>
    <ClInclude Include="ssSkillSlot.h">
      <Filter>Contents\Object\UI\SkillSlot</Filter>
    </ClInclude>
    <ClInclude Include="Inventory.h">
      <Filter>Contents\Object\UI\Inventory</Filter>
    </ClInclude>
    <ClInclude Include="ssEquipmentSlot.h">
      <Filter>Contents\Object\UI\Inventory\Slot</Filter>
    </ClInclude>
    <ClInclude Include="ssItemList.h">
      <Filter>Contents\Object\UI\Inventory\List</Filter>
    </ClInclude>
    <ClInclude Include="ssItemBackground.h">
      <Filter>Contents\Object\UI\Inventory\List\ItemBackground</Filter>
    </ClInclude>
    <ClInclude Include="ssItem.h">
      <Filter>Contents\Object\Item</Filter>
    </ClInclude>
    <ClInclude Include="ssLegendStaff1.h">
      <Filter>Contents\Object\Item\Staff</Filter>
    </ClInclude>
    <ClInclude Include="ssItemImage.h">
      <Filter>Contents\Object\UI\Inventory\List\ItemImage</Filter>
    </ClInclude>
    <ClInclude Include="ssITemlistSelectEffect.h">
      <Filter>Contents\Object\UI\Inventory\List\SelectEffect</Filter>
    </ClInclude>
    <ClInclude Include="ssEquipIndicator.h">
      <Filter>Contents\Object\UI\Inventory\Slot</Filter>
    </ClInclude>
    <ClInclude Include="TestObject.h">
      <Filter>Contents\Object\Test</Filter>
    </ClInclude>
    <ClInclude Include="ssRightInfo.h">
      <Filter>Contents\Object\UI\Inventory\RightInfo</Filter>
    </ClInclude>
    <ClInclude Include="ssMagicStaff.h">
      <Filter>Contents\Object\Item\Staff</Filter>
    </ClInclude>
    <ClInclude Include="ssTitleScene.h">
      <Filter>Contents\Scene\TitleScene</Filter>
    </ClInclude>
    <ClInclude Include="ssStartBtn.h">
      <Filter>Contents\Scene\TitleScene\Btn</Filter>
    </ClInclude>
    <ClInclude Include="ssMagicHat.h">
      <Filter>Contents\Object\Item\Helmet</Filter>
    </ClInclude>
    <ClInclude Include="ssNormalHat.h">
      <Filter>Contents\Object\Item\Helmet</Filter>
    </ClInclude>
    <ClInclude Include="ssNormalStaff.h">
      <Filter>Contents\Object\Item\Staff</Filter>
    </ClInclude>
    <ClInclude Include="ssMagicRobe.h">
      <Filter>Contents\Object\Item\Robe</Filter>
    </ClInclude>
    <ClInclude Include="ssNormalRobe.h">
      <Filter>Contents\Object\Item\Robe</Filter>
    </ClInclude>
    <ClInclude Include="ssNormalBoots.h">
      <Filter>Contents\Object\Item\Boots</Filter>
    </ClInclude>
    <ClInclude Include="ssLegendBoots.h">
      <Filter>Contents\Object\Item\Boots</Filter>
    </ClInclude>
    <ClInclude Include="ssNormalBelt.h">
      <Filter>Contents\Object\Item\Belt</Filter>
    </ClInclude>
    <ClInclude Include="ssPlayerHpBarFill.h">
      <Filter>Contents\Object\UI\Bar\PlayerHpBarFill</Filter>
    </ClInclude>
    <ClInclude Include="ssPlayerMpBarFill.h">
      <Filter>Contents\Object\UI\Bar\PlayerMpBarFill</Filter>
    </ClInclude>
    <ClInclude Include="ssFireAura.h">
      <Filter>Contents\Object\Player\Skill\FireAura</Filter>
    </ClInclude>
    <ClInclude Include="ssFireAuraScript.h">
      <Filter>Contents\Object\Player\Skill\FireAura</Filter>
    </ClInclude>
    <ClInclude Include="ssHydra.h">
      <Filter>Contents\Object\Player\Skill\Hydra</Filter>
    </ClInclude>
    <ClInclude Include="ssHydraSensor.h">
      <Filter>Contents\Object\Player\Skill\Hydra</Filter>
    </ClInclude>
    <ClInclude Include="ssHydraScript.h">
      <Filter>Contents\Object\Player\Skill\Hydra</Filter>
    </ClInclude>
    <ClInclude Include="ssValkyrie.h">
      <Filter>Contents\Object\Boss\Valkyrie</Filter>
    </ClInclude>
    <ClInclude Include="ssValkyrieScene.h">
      <Filter>Contents\Scene\BossRoomValkyrie</Filter>
    </ClInclude>
    <ClInclude Include="ssValkyrieScript.h">
      <Filter>Contents\Object\Boss\Valkyrie\ValScript</Filter>
    </ClInclude>
    <ClInclude Include="ssValEffector.h">
      <Filter>Contents\Object\Boss\Valkyrie\ValEffector</Filter>
    </ClInclude>
    <ClInclude Include="ssThunderPiece.h">
      <Filter>Contents\Object\Boss\Valkyrie\ValEffect\Assault</Filter>
    </ClInclude>
    <ClInclude Include="ssValThunderEffect.h">
      <Filter>Contents\Object\Boss\Valkyrie\ValEffect\Assault</Filter>
    </ClInclude>
    <ClInclude Include="ssBigLightning.h">
      <Filter>Contents\Object\Boss\Valkyrie\ValEffect\BigLightning</Filter>
    </ClInclude>
    <ClInclude Include="ssBigLightningScript.h">
      <Filter>Contents\Object\Boss\Valkyrie\ValEffect\BigLightning</Filter>
    </ClInclude>
    <ClInclude Include="ssCloneAssault.h">
      <Filter>Contents\Object\Boss\Valkyrie\ValEffect\CloneAssault</Filter>
    </ClInclude>
    <ClInclude Include="ssCloneScript.h">
      <Filter>Contents\Object\Boss\Valkyrie\ValEffect\CloneAssault\Script</Filter>
    </ClInclude>
    <ClInclude Include="ssLightBall.h">
      <Filter>Contents\Object\Boss\Valkyrie\Skill\LightBall</Filter>
    </ClInclude>
    <ClInclude Include="ssSpearRain.h">
      <Filter>Contents\Object\Boss\Valkyrie\Skill\SpearRain</Filter>
    </ClInclude>
    <ClInclude Include="ssSpearPiece.h">
      <Filter>Contents\Object\Boss\Valkyrie\Skill\SpearRain\Piece</Filter>
    </ClInclude>
    <ClInclude Include="ssValAwaker.h">
      <Filter>Contents\Scene\BossRoomValkyrie\Awaker</Filter>
    </ClInclude>
    <ClInclude Include="ssAwakerScript.h">
      <Filter>Contents\Scene\BossRoomValkyrie\Awaker</Filter>
    </ClInclude>
    <ClInclude Include="ssBossName.h">
      <Filter>Contents\Object\UI\BossName</Filter>
    </ClInclude>
    <ClInclude Include="ssLeavesScript.h">
      <Filter>Contents\Scene\BossRoomValkyrie\MapLeaves</Filter>
    </ClInclude>
    <ClInclude Include="ssLeaves01.h">
      <Filter>Contents\Scene\BossRoomValkyrie\MapLeaves\Leaves01</Filter>
    </ClInclude>
    <ClInclude Include="ssBear.h">
      <Filter>Contents\Object\Monster\Bear</Filter>
    </ClInclude>
    <ClInclude Include="ssBearScript.h">
      <Filter>Contents\Object\Monster\Bear</Filter>
    </ClInclude>
    <ClInclude Include="ssDesertArcher.h">
      <Filter>Contents\Object\Monster\DesertArcher</Filter>
    </ClInclude>
    <ClInclude Include="ssDesertArcherScript.h">
      <Filter>Contents\Object\Monster\DesertArcher</Filter>
    </ClInclude>
    <ClInclude Include="ssArrow.h">
      <Filter>Contents\Object\Monster\DesertArcher\Arrow</Filter>
    </ClInclude>
    <ClInclude Include="ssArrowScript.h">
      <Filter>Contents\Object\Monster\DesertArcher\Arrow</Filter>
    </ClInclude>
    <ClInclude Include="ssSkeletonMage.h">
      <Filter>Contents\Object\Monster\SkeletonMage</Filter>
    </ClInclude>
    <ClInclude Include="ssSkeletonMageScript.h">
      <Filter>Contents\Object\Monster\SkeletonMage</Filter>
    </ClInclude>
    <ClInclude Include="ssMagicBall.h">
      <Filter>Contents\Object\Monster\SkeletonMage\MagicBall</Filter>
    </ClInclude>
    <ClInclude Include="ssMagicBallScript.h">
      <Filter>Contents\Object\Monster\SkeletonMage\MagicBall</Filter>
    </ClInclude>
    <ClInclude Include="ssTreeMon.h">
      <Filter>Contents\Object\Monster\TreeMon</Filter>
    </ClInclude>
    <ClInclude Include="ssTreeMonScript.h">
      <Filter>Contents\Object\Monster\TreeMon</Filter>
    </ClInclude>
    <ClInclude Include="ssDart.h">
      <Filter>Contents\Object\Monster\TreeMon\Dart</Filter>
    </ClInclude>
    <ClInclude Include="ssDartScript.h">
      <Filter>Contents\Object\Monster\TreeMon\Dart</Filter>
    </ClInclude>
    <ClInclude Include="ssFlames.h">
      <Filter>Contents\Object\Player\Skill\Meteor\Flames</Filter>
    </ClInclude>
    <ClInclude Include="ssFlameScript.h">
      <Filter>Contents\Object\Player\Skill\Meteor\Flames</Filter>
    </ClInclude>
    <ClInclude Include="ssEnt.h">
      <Filter>Contents\Object\Monster\Ent</Filter>
    </ClInclude>
    <ClInclude Include="ssEntScript.h">
      <Filter>Contents\Object\Monster\Ent</Filter>
    </ClInclude>
    <ClInclude Include="ssDesertMap.h">
      <Filter>Contents\Scene\DesertMap</Filter>
    </ClInclude>
    <ClInclude Include="ssDesertDoor.h">
      <Filter>Contents\Object\MapObject\Door</Filter>
    </ClInclude>
    <ClInclude Include="ssDoorScript.h">
      <Filter>Contents\Object\MapObject\Door</Filter>
    </ClInclude>
    <ClInclude Include="ssTown.h">
      <Filter>Contents\Scene\Town</Filter>
    </ClInclude>
    <ClInclude Include="ssForestScene.h">
      <Filter>Contents\Scene\Forest</Filter>
    </ClInclude>
    <ClInclude Include="ssPortal.h">
      <Filter>Contents\Object\MapObject\Portal</Filter>
    </ClInclude>
    <ClInclude Include="ssMiniMap.h">
      <Filter>Contents\Object\UI\MiniMap</Filter>
    </ClInclude>
    <ClInclude Include="ssEndingScene.h" />
    <ClInclude Include="ssDim.h">
      <Filter>Contents\Object\UI\Dim</Filter>
    </ClInclude>
    <ClInclude Include="ssSkillSelectBox.h">
      <Filter>Contents\Object\UI\SkillSelectBox</Filter>
    </ClInclude>
    <ClInclude Include="ssSkillSelectImage.h">
      <Filter>Contents\Object\UI\SkillSelectBox</Filter>
    </ClInclude>
    <ClInclude Include="ssSkillTree.h">
      <Filter>Contents\Object\UI\SkillTree</Filter>
    </ClInclude>
  </ItemGroup>
  <ItemGroup>
    <Filter Include="Contents">
      <UniqueIdentifier>{ed010504-6671-4ca5-864f-b9f58051cb28}</UniqueIdentifier>
    </Filter>
    <Filter Include="Contents\Load">
      <UniqueIdentifier>{2cfadb9c-f8c6-41fd-9846-5e6bd4b50b79}</UniqueIdentifier>
    </Filter>
    <Filter Include="Contents\Scene">
      <UniqueIdentifier>{d0a60e39-82c2-4819-9931-93e5a2d9e021}</UniqueIdentifier>
    </Filter>
    <Filter Include="Contents\Script">
      <UniqueIdentifier>{02a6d4b6-df18-4b04-b5c4-bf97bbaba9ec}</UniqueIdentifier>
    </Filter>
    <Filter Include="Contents\Object">
      <UniqueIdentifier>{d9e335ff-fc0b-4224-b393-f33651caf5e3}</UniqueIdentifier>
    </Filter>
    <Filter Include="Contents\Object\Player">
      <UniqueIdentifier>{bde736c3-81da-4fb2-88f1-f320787ed5a5}</UniqueIdentifier>
    </Filter>
    <Filter Include="Contents\Object\Projectile">
      <UniqueIdentifier>{5a818605-e881-4a16-b982-a37f9cc10f06}</UniqueIdentifier>
    </Filter>
    <Filter Include="Contents\Object\UI">
      <UniqueIdentifier>{ce438732-8866-4cab-8c42-0a55f7a2c279}</UniqueIdentifier>
    </Filter>
    <Filter Include="Contents\Object\UI\Indicator">
      <UniqueIdentifier>{2306bd52-c60a-44ee-a5cd-85d6a0ea569e}</UniqueIdentifier>
    </Filter>
    <Filter Include="Contents\Object\Monster">
      <UniqueIdentifier>{6d6833b1-292d-4c51-a6d8-a804bab8f111}</UniqueIdentifier>
    </Filter>
    <Filter Include="Contents\Object\Monster\DesertSkeleton">
      <UniqueIdentifier>{5a929042-86ca-4e2d-a362-821e386bf357}</UniqueIdentifier>
    </Filter>
    <Filter Include="Contents\Object\UI\EnemyHpBar">
      <UniqueIdentifier>{07f34e6e-e83e-4833-831b-9398af9aa5ad}</UniqueIdentifier>
    </Filter>
    <Filter Include="Contents\Object\UI\EnemyHpBarFill">
      <UniqueIdentifier>{0ff8fdac-329a-4bc9-ae86-edc00fa8474d}</UniqueIdentifier>
    </Filter>
    <Filter Include="Contents\Object\UI\Cursor">
      <UniqueIdentifier>{dab573e5-d019-4cc5-9d9c-c5a03903bb88}</UniqueIdentifier>
    </Filter>
    <Filter Include="Contents\Object\Boss">
      <UniqueIdentifier>{4f47d233-1624-44a9-867f-9fd43bd155c5}</UniqueIdentifier>
    </Filter>
    <Filter Include="Contents\Object\Boss\Anubis">
      <UniqueIdentifier>{a7dd9118-2c7b-4de8-8ce8-1f1ce9a838c8}</UniqueIdentifier>
    </Filter>
    <Filter Include="Contents\Object\Boss\Anubis\Skill">
      <UniqueIdentifier>{b4d18031-9dfb-4ea8-8b12-a52f43fcb4a9}</UniqueIdentifier>
    </Filter>
    <Filter Include="Contents\Object\Boss\Anubis\Skill\ChargedBolt">
      <UniqueIdentifier>{24c8a862-1494-4a27-beee-cc4f22a6e06e}</UniqueIdentifier>
    </Filter>
    <Filter Include="Contents\Object\Boss\Anubis\Skill\ChainLightening">
      <UniqueIdentifier>{92c216cd-7623-4c8e-8cda-7c15ec13a660}</UniqueIdentifier>
    </Filter>
    <Filter Include="Contents\Object\Monster\Mummy">
      <UniqueIdentifier>{0e91203a-51a7-4dea-a3c1-00884945499c}</UniqueIdentifier>
    </Filter>
    <Filter Include="Contents\Object\Monster\Sarcophagus">
      <UniqueIdentifier>{e47cbf4d-81d9-4f16-b285-bc3f37110e10}</UniqueIdentifier>
    </Filter>
    <Filter Include="Contents\Object\UI\BossHpBar">
      <UniqueIdentifier>{10f61c1b-0f54-482a-a2a9-369fde39961a}</UniqueIdentifier>
    </Filter>
    <Filter Include="Contents\Object\UI\BossHpFill">
      <UniqueIdentifier>{a3824e06-84b8-46f8-aec6-1da6152e636c}</UniqueIdentifier>
    </Filter>
    <Filter Include="Contents\Scene\BossRoomAnubis">
      <UniqueIdentifier>{8ce4a93b-4016-46af-8593-3cde6545b1ac}</UniqueIdentifier>
    </Filter>
    <Filter Include="Contents\Object\MapObject">
      <UniqueIdentifier>{9d6d232a-306b-417d-995c-eb5aa7b8fe3e}</UniqueIdentifier>
    </Filter>
    <Filter Include="Contents\Object\Player\Skill">
      <UniqueIdentifier>{5ddeff27-5365-47d7-ad1e-3c2e6021a6f4}</UniqueIdentifier>
    </Filter>
    <Filter Include="Contents\Object\Player\Skill\Meteor">
      <UniqueIdentifier>{3a9f60c3-2071-4c31-95b9-1d6f32ff50e8}</UniqueIdentifier>
    </Filter>
    <Filter Include="Contents\Object\Player\Skill\FireWall">
      <UniqueIdentifier>{4b65de17-4d73-4094-bee2-3f1f0ace091a}</UniqueIdentifier>
    </Filter>
    <Filter Include="Contents\Object\MapObject\TorchBig">
      <UniqueIdentifier>{edb5f991-dea2-4892-90a8-d0a452e4997e}</UniqueIdentifier>
    </Filter>
    <Filter Include="Contents\Object\MapObject\WallCollider">
      <UniqueIdentifier>{8b909a92-45e0-41ea-9de4-01cf916127f8}</UniqueIdentifier>
    </Filter>
    <Filter Include="Contents\Object\UI\SkillSlot">
      <UniqueIdentifier>{88d3eaa1-4556-4c6b-a01f-b94e4703f976}</UniqueIdentifier>
    </Filter>
    <Filter Include="Contents\Object\UI\Inventory">
      <UniqueIdentifier>{5ebbb9ca-5a18-4aff-b35e-1ff8466e7d50}</UniqueIdentifier>
    </Filter>
    <Filter Include="Contents\Object\UI\Inventory\Slot">
      <UniqueIdentifier>{12680ba0-738b-493d-91c4-86117632d545}</UniqueIdentifier>
    </Filter>
    <Filter Include="Contents\Object\UI\Inventory\List">
      <UniqueIdentifier>{82102256-d851-4095-94e2-8c5f6362ec12}</UniqueIdentifier>
    </Filter>
    <Filter Include="Contents\Object\Item">
      <UniqueIdentifier>{82c948e2-95c4-4fba-b8c9-0f5838cfceae}</UniqueIdentifier>
    </Filter>
    <Filter Include="Contents\Object\UI\Inventory\List\ItemBackground">
      <UniqueIdentifier>{94c368c7-3a72-495b-a78e-72aa90a15dbb}</UniqueIdentifier>
    </Filter>
    <Filter Include="Contents\Object\Item\Staff">
      <UniqueIdentifier>{15779be8-cd39-4c04-97f4-e3f6f0a7b705}</UniqueIdentifier>
    </Filter>
    <Filter Include="Contents\Object\UI\Inventory\List\ItemImage">
      <UniqueIdentifier>{8be0b518-643c-4447-a587-f3bba2a50c90}</UniqueIdentifier>
    </Filter>
    <Filter Include="Contents\Object\UI\Inventory\List\SelectEffect">
      <UniqueIdentifier>{d6e239d6-4474-431f-bdaa-4bc8e1534c9b}</UniqueIdentifier>
    </Filter>
    <Filter Include="Contents\Object\Test">
      <UniqueIdentifier>{1de243ac-61c7-4025-95be-1f45ed0643bb}</UniqueIdentifier>
    </Filter>
    <Filter Include="Contents\Object\UI\Inventory\RightInfo">
      <UniqueIdentifier>{efa03f87-bda1-4c38-90b2-d02f19ea76da}</UniqueIdentifier>
    </Filter>
    <Filter Include="Contents\Scene\TitleScene">
      <UniqueIdentifier>{0b8feb9f-c120-4d00-9667-2c56807bfb7f}</UniqueIdentifier>
    </Filter>
    <Filter Include="Contents\Scene\TitleScene\Btn">
      <UniqueIdentifier>{78fa235b-a134-46e2-b2e4-cad6a372dc1b}</UniqueIdentifier>
    </Filter>
    <Filter Include="Contents\Object\Item\Helmet">
      <UniqueIdentifier>{c2b12437-d400-456b-924f-4cde90ea2a45}</UniqueIdentifier>
    </Filter>
    <Filter Include="Contents\Object\Item\Robe">
      <UniqueIdentifier>{0aa91e41-75e6-43e5-aa51-eec2a4e82d8f}</UniqueIdentifier>
    </Filter>
    <Filter Include="Contents\Object\Item\Boots">
      <UniqueIdentifier>{48083240-6ca6-4ce2-a629-28f3a356edd5}</UniqueIdentifier>
    </Filter>
    <Filter Include="Contents\Object\Item\Belt">
      <UniqueIdentifier>{b1a503e1-a8c4-4111-9631-b5ea4a5fc052}</UniqueIdentifier>
    </Filter>
    <Filter Include="Contents\Object\UI\Bar">
      <UniqueIdentifier>{56ba1c2b-9e5c-42c1-9e35-9b18bc442133}</UniqueIdentifier>
    </Filter>
    <Filter Include="Contents\Object\UI\Bar\PlayerHpBarFill">
      <UniqueIdentifier>{df85664c-8f1b-4a56-9367-9b945b962e80}</UniqueIdentifier>
    </Filter>
    <Filter Include="Contents\Object\UI\Bar\PlayerHpSmallBar">
      <UniqueIdentifier>{34dc475a-4b83-435f-b94b-50c1fb43bf28}</UniqueIdentifier>
    </Filter>
    <Filter Include="Contents\Object\UI\Bar\PlayerHpSmallBarFill">
      <UniqueIdentifier>{8eb67099-b820-40f7-825d-66b17210864e}</UniqueIdentifier>
    </Filter>
    <Filter Include="Contents\Object\UI\Bar\PlayerMpBarFill">
      <UniqueIdentifier>{abb548db-dac9-4124-ba70-81e521e81e9f}</UniqueIdentifier>
    </Filter>
    <Filter Include="Contents\Object\Player\Skill\FireAura">
      <UniqueIdentifier>{a300ab67-f502-4b6c-a3fc-be8aa79d57dc}</UniqueIdentifier>
    </Filter>
    <Filter Include="Contents\Object\Player\Skill\Hydra">
      <UniqueIdentifier>{8ef9d5ae-f0c0-439e-97c1-238ffee4bace}</UniqueIdentifier>
    </Filter>
    <Filter Include="Contents\Object\Boss\Valkyrie">
      <UniqueIdentifier>{7204153d-59ab-4f1b-b523-097ff0ff2155}</UniqueIdentifier>
    </Filter>
    <Filter Include="Contents\Scene\BossRoomValkyrie">
      <UniqueIdentifier>{dc2de3a8-9b33-44bf-be04-8658542076f9}</UniqueIdentifier>
    </Filter>
    <Filter Include="Contents\Object\Boss\Valkyrie\ValEffector">
      <UniqueIdentifier>{810dc9b9-6247-407c-9aa6-5e8f7c0d1174}</UniqueIdentifier>
    </Filter>
    <Filter Include="Contents\Object\Boss\Valkyrie\ValScript">
      <UniqueIdentifier>{7b640eaf-4425-48da-87b6-e262c47d98a1}</UniqueIdentifier>
    </Filter>
    <Filter Include="Contents\Object\Boss\Valkyrie\ValEffect">
      <UniqueIdentifier>{2449a06d-f95b-44cf-af11-25af44f90f5b}</UniqueIdentifier>
    </Filter>
    <Filter Include="Contents\Object\Boss\Valkyrie\ValEffect\Assault">
      <UniqueIdentifier>{d64eb76a-ee34-4438-a1b5-35e06be4c84d}</UniqueIdentifier>
    </Filter>
    <Filter Include="Contents\Object\Boss\Valkyrie\ValEffect\BigLightning">
      <UniqueIdentifier>{e64742ee-0b93-4017-8980-28b217aafd7b}</UniqueIdentifier>
    </Filter>
    <Filter Include="Contents\Object\Boss\Valkyrie\ValEffect\CloneAssault">
      <UniqueIdentifier>{e3a84eb7-2555-4fab-beea-be401b1c1dcf}</UniqueIdentifier>
    </Filter>
    <Filter Include="Contents\Object\Boss\Valkyrie\ValEffect\CloneAssault\Script">
      <UniqueIdentifier>{21d9474c-a4e6-46db-845a-ad23ad14fbee}</UniqueIdentifier>
    </Filter>
    <Filter Include="Contents\Object\Boss\Valkyrie\Skill">
      <UniqueIdentifier>{12706d8c-6ea8-4819-9d42-e19634cf2be2}</UniqueIdentifier>
    </Filter>
    <Filter Include="Contents\Object\Boss\Valkyrie\Skill\LightBall">
      <UniqueIdentifier>{f2a142e2-1feb-4e13-b0cd-d1a76c0a8caf}</UniqueIdentifier>
    </Filter>
    <Filter Include="Contents\Object\Boss\Valkyrie\Skill\SpearRain">
      <UniqueIdentifier>{f9a3dd39-23cd-4733-b95c-8d7162dd3531}</UniqueIdentifier>
    </Filter>
    <Filter Include="Contents\Object\Boss\Valkyrie\Skill\SpearRain\Piece">
      <UniqueIdentifier>{cf3d9eaa-da86-4a82-927a-285ad50dc57b}</UniqueIdentifier>
    </Filter>
    <Filter Include="Contents\Scene\BossRoomValkyrie\Awaker">
      <UniqueIdentifier>{cfa9f8ff-4ef0-4f1b-ac98-33f1aaf59f7a}</UniqueIdentifier>
    </Filter>
    <Filter Include="Contents\Object\UI\BossName">
      <UniqueIdentifier>{48249838-d302-4704-a7b8-cfd35cb2a3b7}</UniqueIdentifier>
    </Filter>
    <Filter Include="Contents\Scene\BossRoomValkyrie\MapLeaves">
      <UniqueIdentifier>{7e993897-f7bb-498e-9955-3dc76eea973e}</UniqueIdentifier>
    </Filter>
    <Filter Include="Contents\Scene\BossRoomValkyrie\MapLeaves\Leaves01">
      <UniqueIdentifier>{c8fcefd1-5f08-4185-a79e-6ab91223e1f6}</UniqueIdentifier>
    </Filter>
    <Filter Include="Contents\Object\Monster\Bear">
      <UniqueIdentifier>{550aada6-599e-4c34-9909-bda27fb6803c}</UniqueIdentifier>
    </Filter>
    <Filter Include="Contents\Object\Monster\DesertArcher">
      <UniqueIdentifier>{9c818dd9-8b64-4025-8cf7-6891a9d52eda}</UniqueIdentifier>
    </Filter>
    <Filter Include="Contents\Object\Monster\DesertArcher\Arrow">
      <UniqueIdentifier>{b65d9e1d-3427-4bf3-9717-0678a7ff0430}</UniqueIdentifier>
    </Filter>
    <Filter Include="Contents\Object\Monster\SkeletonMage">
      <UniqueIdentifier>{f4f16ccb-7cc6-4c85-92f0-8c9921650c6a}</UniqueIdentifier>
    </Filter>
    <Filter Include="Contents\Object\Monster\SkeletonMage\MagicBall">
      <UniqueIdentifier>{47f5bdb8-ae97-442e-a850-3b27b730d8bb}</UniqueIdentifier>
    </Filter>
    <Filter Include="Contents\Object\Monster\TreeMon">
      <UniqueIdentifier>{ac00b2f4-d361-4c33-9df8-876a669ffb83}</UniqueIdentifier>
    </Filter>
    <Filter Include="Contents\Object\Monster\TreeMon\Dart">
      <UniqueIdentifier>{65b731c1-0743-4a5a-aed9-0038d25bed51}</UniqueIdentifier>
    </Filter>
    <Filter Include="Contents\Object\Player\Skill\Meteor\Flames">
      <UniqueIdentifier>{1f2681cc-a1f3-4637-9b89-d0a5e011d484}</UniqueIdentifier>
    </Filter>
    <Filter Include="Contents\Object\Monster\Ent">
      <UniqueIdentifier>{0a996a6f-25de-421d-abc1-dbe1a19276c7}</UniqueIdentifier>
    </Filter>
    <Filter Include="Contents\Scene\DesertMap">
      <UniqueIdentifier>{4d52abfd-1933-4bbe-b8d7-c99f2fa526bd}</UniqueIdentifier>
    </Filter>
    <Filter Include="Contents\Object\MapObject\Door">
      <UniqueIdentifier>{c0a1ceb0-804a-4636-9704-cd2c50fe1cb9}</UniqueIdentifier>
    </Filter>
    <Filter Include="Contents\Scene\Town">
      <UniqueIdentifier>{4315e0b0-c1ff-4137-9466-deeb717dc5a0}</UniqueIdentifier>
    </Filter>
    <Filter Include="Contents\Scene\Forest">
      <UniqueIdentifier>{8f76871c-0bf3-4633-8864-36439729c21d}</UniqueIdentifier>
    </Filter>
    <Filter Include="Contents\Object\MapObject\Portal">
      <UniqueIdentifier>{f516ee86-d4b7-48c2-80a1-7f77093b0c63}</UniqueIdentifier>
    </Filter>
    <Filter Include="Contents\Object\UI\MiniMap">
      <UniqueIdentifier>{8b4c62ee-5665-48d5-a677-e22935d96152}</UniqueIdentifier>
    </Filter>
    <Filter Include="Contents\Object\UI\Dim">
      <UniqueIdentifier>{6cf0f5ce-3b26-4d75-a35a-9bdd95dc183b}</UniqueIdentifier>
    </Filter>
    <Filter Include="Contents\Object\UI\SkillSelectBox">
      <UniqueIdentifier>{cf5e7024-7709-4b0b-b3f7-b8d57c151772}</UniqueIdentifier>
    </Filter>
    <Filter Include="Contents\Object\UI\SkillTree">
      <UniqueIdentifier>{4672bb7b-e855-41dd-9a37-c91c3b04931b}</UniqueIdentifier>
    </Filter>
  </ItemGroup>
</Project>