<?xml version="1.0" encoding="utf-8"?>
<Project ToolsVersion="4.0" xmlns="http://schemas.microsoft.com/developer/msbuild/2003">
  <ItemGroup>
    <ClCompile Include="ssEngine.cpp" />
    <ClCompile Include="ssPlayScene.cpp">
      <Filter>Contents\Scene</Filter>
    </ClCompile>
    <ClCompile Include="ssCameraScript.cpp">
      <Filter>Contents\Script</Filter>
    </ClCompile>
    <ClCompile Include="ssUIScene.cpp">
      <Filter>Contents\Scene</Filter>
    </ClCompile>
    <ClCompile Include="ssGridScript.cpp">
      <Filter>Contents\Script</Filter>
    </ClCompile>
    <ClCompile Include="ssDesertTownScene.cpp">
      <Filter>Contents\Scene</Filter>
    </ClCompile>
    <ClCompile Include="ssDesertFieldScene.cpp">
      <Filter>Contents\Scene</Filter>
    </ClCompile>
    <ClCompile Include="ssDesertDungeon1.cpp">
      <Filter>Contents\Scene</Filter>
    </ClCompile>
    <ClCompile Include="ssDesertDungeon2.cpp">
      <Filter>Contents\Scene</Filter>
    </ClCompile>
    <ClCompile Include="ssDesertBossRoom.cpp">
      <Filter>Contents\Scene</Filter>
    </ClCompile>
    <ClCompile Include="ssValkyrieScene.cpp">
      <Filter>Contents\Scene</Filter>
    </ClCompile>
    <ClCompile Include="ssWoodsField.cpp">
      <Filter>Contents\Scene</Filter>
    </ClCompile>
    <ClCompile Include="ssPlayerScript.cpp">
      <Filter>Contents\Script</Filter>
    </ClCompile>
    <ClCompile Include="ssPlayer.cpp">
      <Filter>Contents\Object\Player</Filter>
    </ClCompile>
    <ClCompile Include="ssFireBall.cpp">
      <Filter>Contents\Object\Projectile</Filter>
    </ClCompile>
    <ClCompile Include="ssIndicator.cpp">
      <Filter>Contents\Object\UI\Indicator</Filter>
    </ClCompile>
    <ClCompile Include="ssDesertSkeleton.cpp">
      <Filter>Contents\Object\Monster\DesertSkeleton</Filter>
    </ClCompile>
    <ClCompile Include="ssMonsterScript.cpp">
      <Filter>Contents\Script</Filter>
    </ClCompile>
    <ClCompile Include="ssFireballScript.cpp">
      <Filter>Contents\Script</Filter>
    </ClCompile>
    <ClCompile Include="ssMonsterHpScript.cpp">
      <Filter>Contents\Script</Filter>
    </ClCompile>
    <ClCompile Include="ssPlayerCameraScript.cpp">
      <Filter>Contents\Script</Filter>
    </ClCompile>
    <ClCompile Include="ssEnemyHpBar.cpp">
      <Filter>Contents\Object\UI\EnemyHpBar</Filter>
    </ClCompile>
  </ItemGroup>
  <ItemGroup>
    <ClInclude Include="framework.h" />
    <ClInclude Include="ssPlayScene.h">
      <Filter>Contents\Scene</Filter>
    </ClInclude>
    <ClInclude Include="ssCameraScript.h">
      <Filter>Contents\Script</Filter>
    </ClInclude>
    <ClInclude Include="ssUIScene.h">
      <Filter>Contents\Scene</Filter>
    </ClInclude>
    <ClInclude Include="LoadScenes.h">
      <Filter>Contents\Load</Filter>
    </ClInclude>
    <ClInclude Include="ssGridScript.h">
      <Filter>Contents\Script</Filter>
    </ClInclude>
    <ClInclude Include="ssDesertTownScene.h">
      <Filter>Contents\Scene</Filter>
    </ClInclude>
    <ClInclude Include="ssDesertFieldScene.h">
      <Filter>Contents\Scene</Filter>
    </ClInclude>
    <ClInclude Include="ssDesertDungeon1.h">
      <Filter>Contents\Scene</Filter>
    </ClInclude>
    <ClInclude Include="ssDesertDungeon2.h">
      <Filter>Contents\Scene</Filter>
    </ClInclude>
    <ClInclude Include="ssDesertBossRoom.h">
      <Filter>Contents\Scene</Filter>
    </ClInclude>
    <ClInclude Include="ssValkyrieScene.h">
      <Filter>Contents\Scene</Filter>
    </ClInclude>
    <ClInclude Include="ssWoodsField.h">
      <Filter>Contents\Scene</Filter>
    </ClInclude>
    <ClInclude Include="ssPlayerScript.h">
      <Filter>Contents\Script</Filter>
    </ClInclude>
    <ClInclude Include="ssPlayer.h">
      <Filter>Contents\Object\Player</Filter>
    </ClInclude>
    <ClInclude Include="ssFireBall.h">
      <Filter>Contents\Object\Projectile</Filter>
    </ClInclude>
    <ClInclude Include="ssIndicator.h">
      <Filter>Contents\Object\UI\Indicator</Filter>
    </ClInclude>
    <ClInclude Include="ssDesertSkeleton.h">
      <Filter>Contents\Object\Monster\DesertSkeleton</Filter>
    </ClInclude>
    <ClInclude Include="ssMonsterScript.h">
      <Filter>Contents\Script</Filter>
    </ClInclude>
    <ClInclude Include="ssFireballScript.h">
      <Filter>Contents\Script</Filter>
    </ClInclude>
    <ClInclude Include="ssMonsterHpScript.h">
      <Filter>Contents\Script</Filter>
    </ClInclude>
    <ClInclude Include="ssPlayerCameraScript.h">
      <Filter>Contents\Script</Filter>
    </ClInclude>
    <ClInclude Include="ssEnemyHpBar.h">
      <Filter>Contents\Object\UI\EnemyHpBar</Filter>
    </ClInclude>
  </ItemGroup>
  <ItemGroup>
    <Filter Include="Contents">
      <UniqueIdentifier>{ed010504-6671-4ca5-864f-b9f58051cb28}</UniqueIdentifier>
    </Filter>
    <Filter Include="Contents\Load">
      <UniqueIdentifier>{2cfadb9c-f8c6-41fd-9846-5e6bd4b50b79}</UniqueIdentifier>
    </Filter>
    <Filter Include="Contents\Scene">
      <UniqueIdentifier>{d0a60e39-82c2-4819-9931-93e5a2d9e021}</UniqueIdentifier>
    </Filter>
    <Filter Include="Contents\Script">
      <UniqueIdentifier>{02a6d4b6-df18-4b04-b5c4-bf97bbaba9ec}</UniqueIdentifier>
    </Filter>
    <Filter Include="Contents\Object">
      <UniqueIdentifier>{d9e335ff-fc0b-4224-b393-f33651caf5e3}</UniqueIdentifier>
    </Filter>
    <Filter Include="Contents\Object\Player">
      <UniqueIdentifier>{bde736c3-81da-4fb2-88f1-f320787ed5a5}</UniqueIdentifier>
    </Filter>
    <Filter Include="Contents\Object\Projectile">
      <UniqueIdentifier>{5a818605-e881-4a16-b982-a37f9cc10f06}</UniqueIdentifier>
    </Filter>
    <Filter Include="Contents\Object\UI">
      <UniqueIdentifier>{ce438732-8866-4cab-8c42-0a55f7a2c279}</UniqueIdentifier>
    </Filter>
    <Filter Include="Contents\Object\UI\Indicator">
      <UniqueIdentifier>{2306bd52-c60a-44ee-a5cd-85d6a0ea569e}</UniqueIdentifier>
    </Filter>
    <Filter Include="Contents\Object\Monster">
      <UniqueIdentifier>{6d6833b1-292d-4c51-a6d8-a804bab8f111}</UniqueIdentifier>
    </Filter>
    <Filter Include="Contents\Object\Monster\DesertSkeleton">
      <UniqueIdentifier>{5a929042-86ca-4e2d-a362-821e386bf357}</UniqueIdentifier>
    </Filter>
    <Filter Include="Contents\Object\UI\EnemyHpBar">
      <UniqueIdentifier>{07f34e6e-e83e-4833-831b-9398af9aa5ad}</UniqueIdentifier>
    </Filter>
  </ItemGroup>
</Project>