<?xml version="1.0" encoding="utf-8"?>
<Project ToolsVersion="4.0" xmlns="http://schemas.microsoft.com/developer/msbuild/2003">
  <ItemGroup>
    <ClCompile Include="ssEngine.cpp" />
    <ClCompile Include="ssPlayScene.cpp">
      <Filter>Contents\Scene</Filter>
    </ClCompile>
    <ClCompile Include="ssCameraScript.cpp">
      <Filter>Contents\Script</Filter>
    </ClCompile>
    <ClCompile Include="ssUIScene.cpp">
      <Filter>Contents\Scene</Filter>
    </ClCompile>
    <ClCompile Include="ssGridScript.cpp">
      <Filter>Contents\Script</Filter>
    </ClCompile>
    <ClCompile Include="ssPlayer.cpp">
      <Filter>Contents\Object\Player</Filter>
    </ClCompile>
    <ClCompile Include="ssFireBall.cpp">
      <Filter>Contents\Object\Projectile</Filter>
    </ClCompile>
    <ClCompile Include="ssIndicator.cpp">
      <Filter>Contents\Object\UI\Indicator</Filter>
    </ClCompile>
    <ClCompile Include="ssDesertSkeleton.cpp">
      <Filter>Contents\Object\Monster\DesertSkeleton</Filter>
    </ClCompile>
    <ClCompile Include="ssPlayerCameraScript.cpp">
      <Filter>Contents\Script</Filter>
    </ClCompile>
    <ClCompile Include="ssEnemyHpBar.cpp">
      <Filter>Contents\Object\UI\EnemyHpBar</Filter>
    </ClCompile>
    <ClCompile Include="ssFireballScript.cpp">
      <Filter>Contents\Object\Projectile</Filter>
    </ClCompile>
    <ClCompile Include="ssEnemyHpBarFill.cpp">
      <Filter>Contents\Object\UI\EnemyHpBarFill</Filter>
    </ClCompile>
    <ClCompile Include="..\Engine_SOURCE\ssCursor.cpp">
      <Filter>Contents\Object\UI\Cursor</Filter>
    </ClCompile>
    <ClCompile Include="ssP_HpSmallBar.cpp">
      <Filter>Contents\Object\UI\PlayerHpSmallBar</Filter>
    </ClCompile>
    <ClCompile Include="ssP_HpSmallBarFill.cpp">
      <Filter>Contents\Object\UI\PlayerHpSmallBarFill</Filter>
    </ClCompile>
    <ClCompile Include="ssAnubis.cpp">
      <Filter>Contents\Object\Boss\Anubis</Filter>
    </ClCompile>
    <ClCompile Include="ssAnubisScript.cpp">
      <Filter>Contents\Object\Boss\Anubis</Filter>
    </ClCompile>
    <ClCompile Include="ssChargedBolt.cpp">
      <Filter>Contents\Object\Boss\Anubis\Skill\ChargedBolt</Filter>
    </ClCompile>
    <ClCompile Include="ssDamageScript.cpp">
      <Filter>Contents\Script</Filter>
    </ClCompile>
    <ClCompile Include="ssChainLightening.cpp">
      <Filter>Contents\Object\Boss\Anubis\Skill\ChainLightening</Filter>
    </ClCompile>
    <ClCompile Include="ssMummy.cpp">
      <Filter>Contents\Object\Monster\Mummy</Filter>
    </ClCompile>
    <ClCompile Include="ssMummyScript.cpp">
      <Filter>Contents\Object\Monster\Mummy</Filter>
    </ClCompile>
    <ClCompile Include="ssSkeletonScript.cpp">
      <Filter>Contents\Object\Monster\DesertSkeleton</Filter>
    </ClCompile>
    <ClCompile Include="ssSarcophagus.cpp">
      <Filter>Contents\Object\Monster\Sarcophagus</Filter>
    </ClCompile>
    <ClCompile Include="ssBossHpBar.cpp">
      <Filter>Contents\Object\UI\BossHpBar</Filter>
    </ClCompile>
    <ClCompile Include="ssBossHpFill.cpp">
      <Filter>Contents\Object\UI\BossHpFill</Filter>
    </ClCompile>
    <ClCompile Include="ssDesertBossRoom.cpp">
      <Filter>Contents\Scene\ETC</Filter>
    </ClCompile>
    <ClCompile Include="ssDesertDungeon1.cpp">
      <Filter>Contents\Scene\ETC</Filter>
    </ClCompile>
    <ClCompile Include="ssDesertDungeon2.cpp">
      <Filter>Contents\Scene\ETC</Filter>
    </ClCompile>
    <ClCompile Include="ssDesertFieldScene.cpp">
      <Filter>Contents\Scene\ETC</Filter>
    </ClCompile>
    <ClCompile Include="ssDesertTownScene.cpp">
      <Filter>Contents\Scene\ETC</Filter>
    </ClCompile>
    <ClCompile Include="ssValkyrieScene.cpp">
      <Filter>Contents\Scene\ETC</Filter>
    </ClCompile>
    <ClCompile Include="ssWoodsField.cpp">
      <Filter>Contents\Scene\ETC</Filter>
    </ClCompile>
    <ClCompile Include="ssAnubisRoom.cpp">
      <Filter>Contents\Scene\BossRoomAnubis</Filter>
    </ClCompile>
    <ClCompile Include="ssImmuneText.cpp">
      <Filter>Contents\Object\Boss\Anubis</Filter>
    </ClCompile>
    <ClCompile Include="ssMeteor.cpp">
      <Filter>Contents\Object\Player\Skill\Meteor</Filter>
    </ClCompile>
    <ClCompile Include="ssMeteorScript.cpp">
      <Filter>Contents\Object\Player\Skill\Meteor</Filter>
    </ClCompile>
    <ClCompile Include="FireWallPiece.cpp">
      <Filter>Contents\Object\Player\Skill\FireWall</Filter>
    </ClCompile>
    <ClCompile Include="ssFireWall.cpp">
      <Filter>Contents\Object\Player\Skill\FireWall</Filter>
    </ClCompile>
    <ClCompile Include="ssFireWallPieceScript.cpp">
      <Filter>Contents\Object\Player\Skill\FireWall</Filter>
    </ClCompile>
    <ClCompile Include="ssPlayerScript.cpp">
      <Filter>Contents\Object\Player</Filter>
    </ClCompile>
    <ClCompile Include="ssTorchBig.cpp">
      <Filter>Contents\Object\MapObject\TorchBig</Filter>
    </ClCompile>
    <ClCompile Include="ssWallCollider.cpp">
      <Filter>Contents\Object\MapObject\WallCollider</Filter>
    </ClCompile>
    <ClCompile Include="ssSkillSlot1.cpp">
      <Filter>Contents\Object\UI\SkillSlot</Filter>
    </ClCompile>
    <ClCompile Include="Inventory.cpp">
      <Filter>Contents\Object\UI\Inventory</Filter>
    </ClCompile>
  </ItemGroup>
  <ItemGroup>
    <ClInclude Include="framework.h" />
    <ClInclude Include="ssPlayScene.h">
      <Filter>Contents\Scene</Filter>
    </ClInclude>
    <ClInclude Include="ssCameraScript.h">
      <Filter>Contents\Script</Filter>
    </ClInclude>
    <ClInclude Include="ssUIScene.h">
      <Filter>Contents\Scene</Filter>
    </ClInclude>
    <ClInclude Include="LoadScenes.h">
      <Filter>Contents\Load</Filter>
    </ClInclude>
    <ClInclude Include="ssGridScript.h">
      <Filter>Contents\Script</Filter>
    </ClInclude>
    <ClInclude Include="ssPlayer.h">
      <Filter>Contents\Object\Player</Filter>
    </ClInclude>
    <ClInclude Include="ssFireBall.h">
      <Filter>Contents\Object\Projectile</Filter>
    </ClInclude>
    <ClInclude Include="ssIndicator.h">
      <Filter>Contents\Object\UI\Indicator</Filter>
    </ClInclude>
    <ClInclude Include="ssDesertSkeleton.h">
      <Filter>Contents\Object\Monster\DesertSkeleton</Filter>
    </ClInclude>
    <ClInclude Include="ssPlayerCameraScript.h">
      <Filter>Contents\Script</Filter>
    </ClInclude>
    <ClInclude Include="ssEnemyHpBar.h">
      <Filter>Contents\Object\UI\EnemyHpBar</Filter>
    </ClInclude>
    <ClInclude Include="ssFireballScript.h">
      <Filter>Contents\Object\Projectile</Filter>
    </ClInclude>
    <ClInclude Include="ssEnemyHpBarFill.h">
      <Filter>Contents\Object\UI\EnemyHpBarFill</Filter>
    </ClInclude>
    <ClInclude Include="..\Engine_SOURCE\ssCursor.h">
      <Filter>Contents\Object\UI\Cursor</Filter>
    </ClInclude>
    <ClInclude Include="ssP_HpSmallBar.h">
      <Filter>Contents\Object\UI\PlayerHpSmallBar</Filter>
    </ClInclude>
    <ClInclude Include="ssP_HpSmallBarFill.h">
      <Filter>Contents\Object\UI\PlayerHpSmallBarFill</Filter>
    </ClInclude>
    <ClInclude Include="ssAnubis.h">
      <Filter>Contents\Object\Boss\Anubis</Filter>
    </ClInclude>
    <ClInclude Include="ssAnubisScript.h">
      <Filter>Contents\Object\Boss\Anubis</Filter>
    </ClInclude>
    <ClInclude Include="ssChargedBolt.h">
      <Filter>Contents\Object\Boss\Anubis\Skill\ChargedBolt</Filter>
    </ClInclude>
    <ClInclude Include="ssDamageScript.h">
      <Filter>Contents\Script</Filter>
    </ClInclude>
    <ClInclude Include="ssChainLightening.h">
      <Filter>Contents\Object\Boss\Anubis\Skill\ChainLightening</Filter>
    </ClInclude>
    <ClInclude Include="ssMummy.h">
      <Filter>Contents\Object\Monster\Mummy</Filter>
    </ClInclude>
    <ClInclude Include="ssMummyScript.h">
      <Filter>Contents\Object\Monster\Mummy</Filter>
    </ClInclude>
    <ClInclude Include="ssSkeletonScript.h">
      <Filter>Contents\Object\Monster\DesertSkeleton</Filter>
    </ClInclude>
    <ClInclude Include="ssSarcophagus.h">
      <Filter>Contents\Object\Monster\Sarcophagus</Filter>
    </ClInclude>
    <ClInclude Include="ssBossHpBar.h">
      <Filter>Contents\Object\UI\BossHpBar</Filter>
    </ClInclude>
    <ClInclude Include="ssBossHpFill.h">
      <Filter>Contents\Object\UI\BossHpFill</Filter>
    </ClInclude>
    <ClInclude Include="ssDesertBossRoom.h">
      <Filter>Contents\Scene\ETC</Filter>
    </ClInclude>
    <ClInclude Include="ssDesertDungeon1.h">
      <Filter>Contents\Scene\ETC</Filter>
    </ClInclude>
    <ClInclude Include="ssDesertDungeon2.h">
      <Filter>Contents\Scene\ETC</Filter>
    </ClInclude>
    <ClInclude Include="ssDesertFieldScene.h">
      <Filter>Contents\Scene\ETC</Filter>
    </ClInclude>
    <ClInclude Include="ssDesertTownScene.h">
      <Filter>Contents\Scene\ETC</Filter>
    </ClInclude>
    <ClInclude Include="ssValkyrieScene.h">
      <Filter>Contents\Scene\ETC</Filter>
    </ClInclude>
    <ClInclude Include="ssWoodsField.h">
      <Filter>Contents\Scene\ETC</Filter>
    </ClInclude>
    <ClInclude Include="ssAnubisRoom.h">
      <Filter>Contents\Scene\BossRoomAnubis</Filter>
    </ClInclude>
    <ClInclude Include="ssImmuneText.h">
      <Filter>Contents\Object\Boss\Anubis</Filter>
    </ClInclude>
    <ClInclude Include="ssMeteor.h">
      <Filter>Contents\Object\Player\Skill\Meteor</Filter>
    </ClInclude>
    <ClInclude Include="ssMeteorScript.h">
      <Filter>Contents\Object\Player\Skill\Meteor</Filter>
    </ClInclude>
    <ClInclude Include="FireWallPiece.h">
      <Filter>Contents\Object\Player\Skill\FireWall</Filter>
    </ClInclude>
    <ClInclude Include="ssFireWall.h">
      <Filter>Contents\Object\Player\Skill\FireWall</Filter>
    </ClInclude>
    <ClInclude Include="ssFireWallPieceScript.h">
      <Filter>Contents\Object\Player\Skill\FireWall</Filter>
    </ClInclude>
    <ClInclude Include="ssPlayerScript.h">
      <Filter>Contents\Object\Player</Filter>
    </ClInclude>
    <ClInclude Include="ssTorchBig.h">
      <Filter>Contents\Object\MapObject\TorchBig</Filter>
    </ClInclude>
    <ClInclude Include="ssWallCollider.h">
      <Filter>Contents\Object\MapObject\WallCollider</Filter>
    </ClInclude>
    <ClInclude Include="ssSkillSlot1.h">
      <Filter>Contents\Object\UI\SkillSlot</Filter>
    </ClInclude>
    <ClInclude Include="Inventory.h">
      <Filter>Contents\Object\UI\Inventory</Filter>
    </ClInclude>
  </ItemGroup>
  <ItemGroup>
    <Filter Include="Contents">
      <UniqueIdentifier>{ed010504-6671-4ca5-864f-b9f58051cb28}</UniqueIdentifier>
    </Filter>
    <Filter Include="Contents\Load">
      <UniqueIdentifier>{2cfadb9c-f8c6-41fd-9846-5e6bd4b50b79}</UniqueIdentifier>
    </Filter>
    <Filter Include="Contents\Scene">
      <UniqueIdentifier>{d0a60e39-82c2-4819-9931-93e5a2d9e021}</UniqueIdentifier>
    </Filter>
    <Filter Include="Contents\Script">
      <UniqueIdentifier>{02a6d4b6-df18-4b04-b5c4-bf97bbaba9ec}</UniqueIdentifier>
    </Filter>
    <Filter Include="Contents\Object">
      <UniqueIdentifier>{d9e335ff-fc0b-4224-b393-f33651caf5e3}</UniqueIdentifier>
    </Filter>
    <Filter Include="Contents\Object\Player">
      <UniqueIdentifier>{bde736c3-81da-4fb2-88f1-f320787ed5a5}</UniqueIdentifier>
    </Filter>
    <Filter Include="Contents\Object\Projectile">
      <UniqueIdentifier>{5a818605-e881-4a16-b982-a37f9cc10f06}</UniqueIdentifier>
    </Filter>
    <Filter Include="Contents\Object\UI">
      <UniqueIdentifier>{ce438732-8866-4cab-8c42-0a55f7a2c279}</UniqueIdentifier>
    </Filter>
    <Filter Include="Contents\Object\UI\Indicator">
      <UniqueIdentifier>{2306bd52-c60a-44ee-a5cd-85d6a0ea569e}</UniqueIdentifier>
    </Filter>
    <Filter Include="Contents\Object\Monster">
      <UniqueIdentifier>{6d6833b1-292d-4c51-a6d8-a804bab8f111}</UniqueIdentifier>
    </Filter>
    <Filter Include="Contents\Object\Monster\DesertSkeleton">
      <UniqueIdentifier>{5a929042-86ca-4e2d-a362-821e386bf357}</UniqueIdentifier>
    </Filter>
    <Filter Include="Contents\Object\UI\EnemyHpBar">
      <UniqueIdentifier>{07f34e6e-e83e-4833-831b-9398af9aa5ad}</UniqueIdentifier>
    </Filter>
    <Filter Include="Contents\Object\UI\EnemyHpBarFill">
      <UniqueIdentifier>{0ff8fdac-329a-4bc9-ae86-edc00fa8474d}</UniqueIdentifier>
    </Filter>
    <Filter Include="Contents\Object\UI\Cursor">
      <UniqueIdentifier>{dab573e5-d019-4cc5-9d9c-c5a03903bb88}</UniqueIdentifier>
    </Filter>
    <Filter Include="Contents\Object\UI\PlayerHpSmallBar">
      <UniqueIdentifier>{34dc475a-4b83-435f-b94b-50c1fb43bf28}</UniqueIdentifier>
    </Filter>
    <Filter Include="Contents\Object\UI\PlayerHpSmallBarFill">
      <UniqueIdentifier>{8eb67099-b820-40f7-825d-66b17210864e}</UniqueIdentifier>
    </Filter>
    <Filter Include="Contents\Object\Boss">
      <UniqueIdentifier>{4f47d233-1624-44a9-867f-9fd43bd155c5}</UniqueIdentifier>
    </Filter>
    <Filter Include="Contents\Object\Boss\Anubis">
      <UniqueIdentifier>{a7dd9118-2c7b-4de8-8ce8-1f1ce9a838c8}</UniqueIdentifier>
    </Filter>
    <Filter Include="Contents\Object\Boss\Anubis\Skill">
      <UniqueIdentifier>{b4d18031-9dfb-4ea8-8b12-a52f43fcb4a9}</UniqueIdentifier>
    </Filter>
    <Filter Include="Contents\Object\Boss\Anubis\Skill\ChargedBolt">
      <UniqueIdentifier>{24c8a862-1494-4a27-beee-cc4f22a6e06e}</UniqueIdentifier>
    </Filter>
    <Filter Include="Contents\Object\Boss\Anubis\Skill\ChainLightening">
      <UniqueIdentifier>{92c216cd-7623-4c8e-8cda-7c15ec13a660}</UniqueIdentifier>
    </Filter>
    <Filter Include="Contents\Object\Monster\Mummy">
      <UniqueIdentifier>{0e91203a-51a7-4dea-a3c1-00884945499c}</UniqueIdentifier>
    </Filter>
    <Filter Include="Contents\Object\Monster\Sarcophagus">
      <UniqueIdentifier>{e47cbf4d-81d9-4f16-b285-bc3f37110e10}</UniqueIdentifier>
    </Filter>
    <Filter Include="Contents\Object\UI\BossHpBar">
      <UniqueIdentifier>{10f61c1b-0f54-482a-a2a9-369fde39961a}</UniqueIdentifier>
    </Filter>
    <Filter Include="Contents\Object\UI\BossHpFill">
      <UniqueIdentifier>{a3824e06-84b8-46f8-aec6-1da6152e636c}</UniqueIdentifier>
    </Filter>
    <Filter Include="Contents\Scene\BossRoomAnubis">
      <UniqueIdentifier>{8ce4a93b-4016-46af-8593-3cde6545b1ac}</UniqueIdentifier>
    </Filter>
    <Filter Include="Contents\Scene\ETC">
      <UniqueIdentifier>{92f0f540-a87e-4518-a543-8f82e66765d4}</UniqueIdentifier>
    </Filter>
    <Filter Include="Contents\Object\MapObject">
      <UniqueIdentifier>{9d6d232a-306b-417d-995c-eb5aa7b8fe3e}</UniqueIdentifier>
    </Filter>
    <Filter Include="Contents\Object\Player\Skill">
      <UniqueIdentifier>{5ddeff27-5365-47d7-ad1e-3c2e6021a6f4}</UniqueIdentifier>
    </Filter>
    <Filter Include="Contents\Object\Player\Skill\Meteor">
      <UniqueIdentifier>{3a9f60c3-2071-4c31-95b9-1d6f32ff50e8}</UniqueIdentifier>
    </Filter>
    <Filter Include="Contents\Object\Player\Skill\FireWall">
      <UniqueIdentifier>{4b65de17-4d73-4094-bee2-3f1f0ace091a}</UniqueIdentifier>
    </Filter>
    <Filter Include="Contents\Object\MapObject\TorchBig">
      <UniqueIdentifier>{edb5f991-dea2-4892-90a8-d0a452e4997e}</UniqueIdentifier>
    </Filter>
    <Filter Include="Contents\Object\MapObject\WallCollider">
      <UniqueIdentifier>{8b909a92-45e0-41ea-9de4-01cf916127f8}</UniqueIdentifier>
    </Filter>
    <Filter Include="Contents\Object\UI\SkillSlot">
      <UniqueIdentifier>{88d3eaa1-4556-4c6b-a01f-b94e4703f976}</UniqueIdentifier>
    </Filter>
    <Filter Include="Contents\Object\UI\Inventory">
      <UniqueIdentifier>{5ebbb9ca-5a18-4aff-b35e-1ff8466e7d50}</UniqueIdentifier>
    </Filter>
  </ItemGroup>
</Project>