<?xml version="1.0" encoding="utf-8"?>
<Project ToolsVersion="4.0" xmlns="http://schemas.microsoft.com/developer/msbuild/2003">
  <ItemGroup>
    <Filter Include="Common">
      <UniqueIdentifier>{7147ca72-e18f-4125-979c-92ed5cfd60bb}</UniqueIdentifier>
    </Filter>
    <Filter Include="Common\Math">
      <UniqueIdentifier>{b4154ee6-4b19-45be-bf95-85754f8a8631}</UniqueIdentifier>
    </Filter>
    <Filter Include="Graphics">
      <UniqueIdentifier>{ff5487e5-ecb5-45eb-9f6b-f20f0ff34cfc}</UniqueIdentifier>
    </Filter>
    <Filter Include="High Level Interface">
      <UniqueIdentifier>{16300282-9fe6-4783-91b1-447ff751be6a}</UniqueIdentifier>
    </Filter>
    <Filter Include="Common\Entity">
      <UniqueIdentifier>{4f50f731-41c8-46c3-848d-1d3100899a86}</UniqueIdentifier>
    </Filter>
    <Filter Include="Input">
      <UniqueIdentifier>{53075aad-7f72-44c4-acf8-3f637af401fb}</UniqueIdentifier>
    </Filter>
    <Filter Include="Common\Time">
      <UniqueIdentifier>{2cefdafa-df06-4179-b150-db80b977e095}</UniqueIdentifier>
    </Filter>
    <Filter Include="Resource">
      <UniqueIdentifier>{638050be-c7e2-4e39-af23-36c1739da042}</UniqueIdentifier>
    </Filter>
    <Filter Include="Resource\Resources">
      <UniqueIdentifier>{62ccc597-e793-4dc8-bb94-8bebe3a31dcf}</UniqueIdentifier>
    </Filter>
    <Filter Include="GameObject">
      <UniqueIdentifier>{af651059-edb0-4ccd-8ef7-f59c1b6ef038}</UniqueIdentifier>
    </Filter>
    <Filter Include="Scene">
      <UniqueIdentifier>{db1bc228-d664-4765-83ad-b46ce0fb2f12}</UniqueIdentifier>
    </Filter>
    <Filter Include="GameObject\Component">
      <UniqueIdentifier>{a6bcc474-e4ed-4dbb-acab-44b6d0a33a1c}</UniqueIdentifier>
    </Filter>
    <Filter Include="Scene\Layer">
      <UniqueIdentifier>{378ed743-7e31-4ea5-b7b5-ee63da7707d6}</UniqueIdentifier>
    </Filter>
    <Filter Include="GameObject\Component\Script">
      <UniqueIdentifier>{3ed63022-e9ae-4729-a64b-7b0a9080542b}</UniqueIdentifier>
    </Filter>
    <Filter Include="Scene\Base">
      <UniqueIdentifier>{3c64deb7-de3d-41d6-b5a1-90a85f926966}</UniqueIdentifier>
    </Filter>
    <Filter Include="Scene\Manager">
      <UniqueIdentifier>{3aa709d5-c253-407d-8069-17d7fd213e28}</UniqueIdentifier>
    </Filter>
    <Filter Include="GameObject\Component\MeshRenderer">
      <UniqueIdentifier>{c413d2c4-0c96-48ba-b49d-385d06757959}</UniqueIdentifier>
    </Filter>
    <Filter Include="GameObject\Component\Base">
      <UniqueIdentifier>{766eb29b-82f3-42a5-a4e9-883ccf7815ce}</UniqueIdentifier>
    </Filter>
    <Filter Include="GameObject\Component\Transform">
      <UniqueIdentifier>{1cf7d76d-2a63-4201-98fd-dcf32e0fbf27}</UniqueIdentifier>
    </Filter>
    <Filter Include="Graphics\Renderer">
      <UniqueIdentifier>{8e1c582b-cea1-4f96-8e8b-cb6397c5e053}</UniqueIdentifier>
    </Filter>
    <Filter Include="Graphics\GraphicDevice">
      <UniqueIdentifier>{963386e7-ad31-442d-834d-918754c09087}</UniqueIdentifier>
    </Filter>
    <Filter Include="Graphics\ConstantBuffer">
      <UniqueIdentifier>{705c2df3-de1c-4959-9ff4-9a390c613119}</UniqueIdentifier>
    </Filter>
    <Filter Include="GameObject\Component\Camera">
      <UniqueIdentifier>{b0d6c00f-8b80-4c02-ba3e-b0e54c703fc1}</UniqueIdentifier>
    </Filter>
    <Filter Include="Resource\Texture">
      <UniqueIdentifier>{c223b344-a667-4a0b-9aac-b1db3c722d16}</UniqueIdentifier>
    </Filter>
    <Filter Include="Resource\Shader">
      <UniqueIdentifier>{37825052-3a9a-4a3e-9e94-badd91d2dad1}</UniqueIdentifier>
    </Filter>
    <Filter Include="Resource\Material">
      <UniqueIdentifier>{4967a99e-121e-416d-be12-d28f68ce0241}</UniqueIdentifier>
    </Filter>
    <Filter Include="Resource\Mesh">
      <UniqueIdentifier>{b2e59455-c2b7-441b-a72d-ecbca16082b2}</UniqueIdentifier>
    </Filter>
    <Filter Include="Common\Object">
      <UniqueIdentifier>{d3faf4aa-d6e6-4a78-a195-719aca4b4084}</UniqueIdentifier>
    </Filter>
    <Filter Include="GameObject\Component\Collider">
      <UniqueIdentifier>{73c64d97-4aba-4f63-84ca-57fe43dfe00c}</UniqueIdentifier>
    </Filter>
    <Filter Include="Resource\Animation">
      <UniqueIdentifier>{8c557f92-1eb2-47b6-9e63-95e511c746e9}</UniqueIdentifier>
    </Filter>
    <Filter Include="GameObject\Component\Animator">
      <UniqueIdentifier>{2ba5f3df-afc9-4887-b9ef-b9a1deecfd5e}</UniqueIdentifier>
    </Filter>
    <Filter Include="GameObject\Cursor">
      <UniqueIdentifier>{e0a799ee-5b96-4850-82a4-50f605224445}</UniqueIdentifier>
    </Filter>
  </ItemGroup>
  <ItemGroup>
    <ClInclude Include="$(MSBuildThisFileDirectory)CommonInclude.h">
      <Filter>Common</Filter>
    </ClInclude>
    <ClInclude Include="$(MSBuildThisFileDirectory)ssEngine.h">
      <Filter>Common</Filter>
    </ClInclude>
    <ClInclude Include="$(MSBuildThisFileDirectory)ssEnums.h">
      <Filter>Common</Filter>
    </ClInclude>
    <ClInclude Include="$(MSBuildThisFileDirectory)ssMath.h">
      <Filter>Common\Math</Filter>
    </ClInclude>
    <ClInclude Include="$(MSBuildThisFileDirectory)ssApplication.h">
      <Filter>High Level Interface</Filter>
    </ClInclude>
    <ClInclude Include="$(MSBuildThisFileDirectory)ssEntity.h">
      <Filter>Common\Entity</Filter>
    </ClInclude>
    <ClInclude Include="$(MSBuildThisFileDirectory)ssInput.h">
      <Filter>Input</Filter>
    </ClInclude>
    <ClInclude Include="$(MSBuildThisFileDirectory)ssTime.h">
      <Filter>Common\Time</Filter>
    </ClInclude>
    <ClInclude Include="$(MSBuildThisFileDirectory)ssResource.h">
      <Filter>Resource</Filter>
    </ClInclude>
    <ClInclude Include="$(MSBuildThisFileDirectory)ssResources.h">
      <Filter>Resource\Resources</Filter>
    </ClInclude>
    <ClInclude Include="$(MSBuildThisFileDirectory)ssGraphics.h">
      <Filter>Graphics</Filter>
    </ClInclude>
    <ClInclude Include="$(MSBuildThisFileDirectory)ssGameObject.h">
      <Filter>GameObject</Filter>
    </ClInclude>
    <ClInclude Include="$(MSBuildThisFileDirectory)ssLayer.h">
      <Filter>Scene\Layer</Filter>
    </ClInclude>
    <ClInclude Include="$(MSBuildThisFileDirectory)ssScript.h">
      <Filter>GameObject\Component\Script</Filter>
    </ClInclude>
    <ClInclude Include="$(MSBuildThisFileDirectory)ssScene.h">
      <Filter>Scene\Base</Filter>
    </ClInclude>
    <ClInclude Include="$(MSBuildThisFileDirectory)ssSceneManager.h">
      <Filter>Scene\Manager</Filter>
    </ClInclude>
    <ClInclude Include="$(MSBuildThisFileDirectory)ssMeshRenderer.h">
      <Filter>GameObject\Component\MeshRenderer</Filter>
    </ClInclude>
    <ClInclude Include="$(MSBuildThisFileDirectory)ssComponent.h">
      <Filter>GameObject\Component\Base</Filter>
    </ClInclude>
    <ClInclude Include="$(MSBuildThisFileDirectory)ssTransform.h">
      <Filter>GameObject\Component\Transform</Filter>
    </ClInclude>
    <ClInclude Include="$(MSBuildThisFileDirectory)ssTexture.h">
      <Filter>Resource\Texture</Filter>
    </ClInclude>
    <ClInclude Include="$(MSBuildThisFileDirectory)ssMesh.h">
      <Filter>Resource\Mesh</Filter>
    </ClInclude>
    <ClInclude Include="$(MSBuildThisFileDirectory)ssMaterial.h">
      <Filter>Resource\Material</Filter>
    </ClInclude>
    <ClInclude Include="$(MSBuildThisFileDirectory)ssRenderer.h">
      <Filter>Graphics\Renderer</Filter>
    </ClInclude>
    <ClInclude Include="$(MSBuildThisFileDirectory)ssShader.h">
      <Filter>Resource\Shader</Filter>
    </ClInclude>
    <ClInclude Include="$(MSBuildThisFileDirectory)ssGraphicDevice_Dx11.h">
      <Filter>Graphics\GraphicDevice</Filter>
    </ClInclude>
    <ClInclude Include="$(MSBuildThisFileDirectory)ssConstantBuffer.h">
      <Filter>Graphics\ConstantBuffer</Filter>
    </ClInclude>
    <ClInclude Include="$(MSBuildThisFileDirectory)ssCamera.h">
      <Filter>GameObject\Component\Camera</Filter>
    </ClInclude>
    <ClInclude Include="$(MSBuildThisFileDirectory)ssObject.h">
      <Filter>Common\Object</Filter>
    </ClInclude>
    <ClInclude Include="$(MSBuildThisFileDirectory)ssCollisionManager.h">
      <Filter>Scene\Manager</Filter>
    </ClInclude>
    <ClInclude Include="$(MSBuildThisFileDirectory)ssCollider2D.h">
      <Filter>GameObject\Component\Collider</Filter>
    </ClInclude>
    <ClInclude Include="$(MSBuildThisFileDirectory)ssAnimation.h">
      <Filter>Resource\Animation</Filter>
    </ClInclude>
    <ClInclude Include="$(MSBuildThisFileDirectory)ssAnimator.h">
      <Filter>GameObject\Component\Animator</Filter>
    </ClInclude>
    <ClInclude Include="$(MSBuildThisFileDirectory)ssCursor.h">
      <Filter>GameObject\Cursor</Filter>
    </ClInclude>
  </ItemGroup>
  <ItemGroup>
    <ClCompile Include="$(MSBuildThisFileDirectory)ssMath.cpp">
      <Filter>Common\Math</Filter>
    </ClCompile>
    <ClCompile Include="$(MSBuildThisFileDirectory)ssApplication.cpp">
      <Filter>High Level Interface</Filter>
    </ClCompile>
    <ClCompile Include="$(MSBuildThisFileDirectory)ssEntity.cpp">
      <Filter>Common\Entity</Filter>
    </ClCompile>
    <ClCompile Include="$(MSBuildThisFileDirectory)ssInput.cpp">
      <Filter>Input</Filter>
    </ClCompile>
    <ClCompile Include="$(MSBuildThisFileDirectory)ssTime.cpp">
      <Filter>Common\Time</Filter>
    </ClCompile>
    <ClCompile Include="$(MSBuildThisFileDirectory)ssResource.cpp">
      <Filter>Resource</Filter>
    </ClCompile>
    <ClCompile Include="$(MSBuildThisFileDirectory)ssResources.cpp">
      <Filter>Resource\Resources</Filter>
    </ClCompile>
    <ClCompile Include="$(MSBuildThisFileDirectory)ssGameObject.cpp">
      <Filter>GameObject</Filter>
    </ClCompile>
    <ClCompile Include="$(MSBuildThisFileDirectory)ssLayer.cpp">
      <Filter>Scene\Layer</Filter>
    </ClCompile>
    <ClCompile Include="$(MSBuildThisFileDirectory)ssScript.cpp">
      <Filter>GameObject\Component\Script</Filter>
    </ClCompile>
    <ClCompile Include="$(MSBuildThisFileDirectory)ssScene.cpp">
      <Filter>Scene\Base</Filter>
    </ClCompile>
    <ClCompile Include="$(MSBuildThisFileDirectory)ssSceneManager.cpp">
      <Filter>Scene\Manager</Filter>
    </ClCompile>
    <ClCompile Include="$(MSBuildThisFileDirectory)ssMeshRenderer.cpp">
      <Filter>GameObject\Component\MeshRenderer</Filter>
    </ClCompile>
    <ClCompile Include="$(MSBuildThisFileDirectory)ssComponent.cpp">
      <Filter>GameObject\Component\Base</Filter>
    </ClCompile>
    <ClCompile Include="$(MSBuildThisFileDirectory)ssTransform.cpp">
      <Filter>GameObject\Component\Transform</Filter>
    </ClCompile>
    <ClCompile Include="$(MSBuildThisFileDirectory)ssTexture.cpp">
      <Filter>Resource\Texture</Filter>
    </ClCompile>
    <ClCompile Include="$(MSBuildThisFileDirectory)ssMesh.cpp">
      <Filter>Resource\Mesh</Filter>
    </ClCompile>
    <ClCompile Include="$(MSBuildThisFileDirectory)ssMaterial.cpp">
      <Filter>Resource\Material</Filter>
    </ClCompile>
    <ClCompile Include="$(MSBuildThisFileDirectory)ssRenderer.cpp">
      <Filter>Graphics\Renderer</Filter>
    </ClCompile>
    <ClCompile Include="$(MSBuildThisFileDirectory)ssShader.cpp">
      <Filter>Resource\Shader</Filter>
    </ClCompile>
    <ClCompile Include="$(MSBuildThisFileDirectory)ssGraphicDevice_Dx11.cpp">
      <Filter>Graphics\GraphicDevice</Filter>
    </ClCompile>
    <ClCompile Include="$(MSBuildThisFileDirectory)ssConstantBuffer.cpp">
      <Filter>Graphics\ConstantBuffer</Filter>
    </ClCompile>
    <ClCompile Include="$(MSBuildThisFileDirectory)ssCamera.cpp">
      <Filter>GameObject\Component\Camera</Filter>
    </ClCompile>
    <ClCompile Include="$(MSBuildThisFileDirectory)ssCollisionManager.cpp">
      <Filter>Scene\Manager</Filter>
    </ClCompile>
    <ClCompile Include="$(MSBuildThisFileDirectory)ssCollider2D.cpp">
      <Filter>GameObject\Component\Collider</Filter>
    </ClCompile>
    <ClCompile Include="$(MSBuildThisFileDirectory)ssAnimation.cpp">
      <Filter>Resource\Animation</Filter>
    </ClCompile>
    <ClCompile Include="$(MSBuildThisFileDirectory)ssAnimator.cpp">
      <Filter>GameObject\Component\Animator</Filter>
    </ClCompile>
    <ClCompile Include="$(MSBuildThisFileDirectory)ssCursor.cpp">
      <Filter>GameObject\Cursor</Filter>
    </ClCompile>
  </ItemGroup>
  <ItemGroup>
    <None Include="$(MSBuildThisFileDirectory)ssMath.inl">
      <Filter>Common\Math</Filter>
    </None>
  </ItemGroup>
</Project>